
Microsoft Visual Studio Solution File, Format Version 12.00
# Visual Studio 14
VisualStudioVersion = 14.0.25123.0
MinimumVisualStudioVersion = 10.0.40219.1
Project("{FAE04EC0-301F-11D3-BF4B-00C04F79EFBC}") = "MVCLabb1", "MVCLabb1\MVCLabb1.csproj", "{EACF9040-18CA-43D6-8E75-3D694128C8C2}"
EndProject
Project("{FAE04EC0-301F-11D3-BF4B-00C04F79EFBC}") = "Labb2_Uppgift2", "Labb2_Uppgift2\Labb2_Uppgift2.csproj", "{BC237101-522F-42A0-AF61-8521178A8791}"
EndProject
Project("{FAE04EC0-301F-11D3-BF4B-00C04F79EFBC}") = "LektionsovningCodeFirst", "LektionsovningCodeFirst\LektionsovningCodeFirst.csproj", "{5AF2F731-03C7-43E7-83BD-F7F9762058B5}"
EndProject
Project("{FAE04EC0-301F-11D3-BF4B-00C04F79EFBC}") = "Labb2_Uppgift1_21", "Labb2_Uppgift1_21\Labb2_Uppgift1_21.csproj", "{61E9BD9F-5954-4DEC-A99D-963C752025F1}"
EndProject
Project("{8BB2217D-0F2D-49D1-97BC-3654ED321F3B}") = "ContosoBooks_Labb3_Uppgift1", "ContosoBooks_Labb3_Uppgift1\ContosoBooks_Labb3_Uppgift1.xproj", "{EB3836EC-85EE-4AF5-BF29-32C2A645389D}"
EndProject
Project("{FAE04EC0-301F-11D3-BF4B-00C04F79EFBC}") = "Exercise_The_String_Calculator_Kata", "Exercise_The_String_Calculator_Kata\Exercise_The_String_Calculator_Kata.csproj", "{EC5491D3-E792-47AD-AE10-D4B6132B19E8}"
EndProject
Project("{FAE04EC0-301F-11D3-BF4B-00C04F79EFBC}") = "Exercise_The_String_Calculator_KataTests", "Exercise_The_String_Calculator_KataTests\Exercise_The_String_Calculator_KataTests.csproj", "{48C072AB-D5E6-45D0-8AB8-05DC8BB12DC6}"
EndProject
Project("{FAE04EC0-301F-11D3-BF4B-00C04F79EFBC}") = "TDD-Retro", "TDD-Retro\TDD-Retro.csproj", "{BF6961D2-3135-4EAA-90E4-09A7D8A3ECE3}"
EndProject
Project("{FAE04EC0-301F-11D3-BF4B-00C04F79EFBC}") = "TDD-RetroTests", "TDD-RetroTests\TDD-RetroTests.csproj", "{7A054078-76B3-48AE-8811-6A249A3F4032}"
EndProject
Project("{FAE04EC0-301F-11D3-BF4B-00C04F79EFBC}") = "ValidationExercise", "ValidationExercise\ValidationExercise.csproj", "{ED9E925E-828C-48FA-A0E9-611EB2EAC539}"
EndProject
Global
	GlobalSection(SolutionConfigurationPlatforms) = preSolution
		Debug|Any CPU = Debug|Any CPU
		Release|Any CPU = Release|Any CPU
	EndGlobalSection
	GlobalSection(ProjectConfigurationPlatforms) = postSolution
		{EACF9040-18CA-43D6-8E75-3D694128C8C2}.Debug|Any CPU.ActiveCfg = Debug|Any CPU
		{EACF9040-18CA-43D6-8E75-3D694128C8C2}.Debug|Any CPU.Build.0 = Debug|Any CPU
		{EACF9040-18CA-43D6-8E75-3D694128C8C2}.Release|Any CPU.ActiveCfg = Release|Any CPU
		{EACF9040-18CA-43D6-8E75-3D694128C8C2}.Release|Any CPU.Build.0 = Release|Any CPU
		{BC237101-522F-42A0-AF61-8521178A8791}.Debug|Any CPU.ActiveCfg = Debug|Any CPU
		{BC237101-522F-42A0-AF61-8521178A8791}.Debug|Any CPU.Build.0 = Debug|Any CPU
		{BC237101-522F-42A0-AF61-8521178A8791}.Release|Any CPU.ActiveCfg = Release|Any CPU
		{BC237101-522F-42A0-AF61-8521178A8791}.Release|Any CPU.Build.0 = Release|Any CPU
		{5AF2F731-03C7-43E7-83BD-F7F9762058B5}.Debug|Any CPU.ActiveCfg = Debug|Any CPU
		{5AF2F731-03C7-43E7-83BD-F7F9762058B5}.Debug|Any CPU.Build.0 = Debug|Any CPU
		{5AF2F731-03C7-43E7-83BD-F7F9762058B5}.Release|Any CPU.ActiveCfg = Release|Any CPU
		{5AF2F731-03C7-43E7-83BD-F7F9762058B5}.Release|Any CPU.Build.0 = Release|Any CPU
		{61E9BD9F-5954-4DEC-A99D-963C752025F1}.Debug|Any CPU.ActiveCfg = Debug|Any CPU
		{61E9BD9F-5954-4DEC-A99D-963C752025F1}.Debug|Any CPU.Build.0 = Debug|Any CPU
		{61E9BD9F-5954-4DEC-A99D-963C752025F1}.Release|Any CPU.ActiveCfg = Release|Any CPU
		{61E9BD9F-5954-4DEC-A99D-963C752025F1}.Release|Any CPU.Build.0 = Release|Any CPU
		{EB3836EC-85EE-4AF5-BF29-32C2A645389D}.Debug|Any CPU.ActiveCfg = Debug|Any CPU
		{EB3836EC-85EE-4AF5-BF29-32C2A645389D}.Debug|Any CPU.Build.0 = Debug|Any CPU
		{EB3836EC-85EE-4AF5-BF29-32C2A645389D}.Release|Any CPU.ActiveCfg = Release|Any CPU
		{EB3836EC-85EE-4AF5-BF29-32C2A645389D}.Release|Any CPU.Build.0 = Release|Any CPU
		{EC5491D3-E792-47AD-AE10-D4B6132B19E8}.Debug|Any CPU.ActiveCfg = Debug|Any CPU
		{EC5491D3-E792-47AD-AE10-D4B6132B19E8}.Debug|Any CPU.Build.0 = Debug|Any CPU
		{EC5491D3-E792-47AD-AE10-D4B6132B19E8}.Release|Any CPU.ActiveCfg = Release|Any CPU
		{EC5491D3-E792-47AD-AE10-D4B6132B19E8}.Release|Any CPU.Build.0 = Release|Any CPU
		{48C072AB-D5E6-45D0-8AB8-05DC8BB12DC6}.Debug|Any CPU.ActiveCfg = Debug|Any CPU
		{48C072AB-D5E6-45D0-8AB8-05DC8BB12DC6}.Debug|Any CPU.Build.0 = Debug|Any CPU
		{48C072AB-D5E6-45D0-8AB8-05DC8BB12DC6}.Release|Any CPU.ActiveCfg = Release|Any CPU
		{48C072AB-D5E6-45D0-8AB8-05DC8BB12DC6}.Release|Any CPU.Build.0 = Release|Any CPU
		{BF6961D2-3135-4EAA-90E4-09A7D8A3ECE3}.Debug|Any CPU.ActiveCfg = Debug|Any CPU
		{BF6961D2-3135-4EAA-90E4-09A7D8A3ECE3}.Debug|Any CPU.Build.0 = Debug|Any CPU
		{BF6961D2-3135-4EAA-90E4-09A7D8A3ECE3}.Release|Any CPU.ActiveCfg = Release|Any CPU
		{BF6961D2-3135-4EAA-90E4-09A7D8A3ECE3}.Release|Any CPU.Build.0 = Release|Any CPU
		{7A054078-76B3-48AE-8811-6A249A3F4032}.Debug|Any CPU.ActiveCfg = Debug|Any CPU
		{7A054078-76B3-48AE-8811-6A249A3F4032}.Debug|Any CPU.Build.0 = Debug|Any CPU
		{7A054078-76B3-48AE-8811-6A249A3F4032}.Release|Any CPU.ActiveCfg = Release|Any CPU
		{7A054078-76B3-48AE-8811-6A249A3F4032}.Release|Any CPU.Build.0 = Release|Any CPU
		{ED9E925E-828C-48FA-A0E9-611EB2EAC539}.Debug|Any CPU.ActiveCfg = Debug|Any CPU
		{ED9E925E-828C-48FA-A0E9-611EB2EAC539}.Debug|Any CPU.Build.0 = Debug|Any CPU
		{ED9E925E-828C-48FA-A0E9-611EB2EAC539}.Release|Any CPU.ActiveCfg = Release|Any CPU
		{ED9E925E-828C-48FA-A0E9-611EB2EAC539}.Release|Any CPU.Build.0 = Release|Any CPU
	EndGlobalSection
	GlobalSection(SolutionProperties) = preSolution
		HideSolutionNode = FALSE
	EndGlobalSection
EndGlobal
