
Microsoft Visual Studio Solution File, Format Version 12.00
# Visual Studio 14
VisualStudioVersion = 14.0.23107.0
MinimumVisualStudioVersion = 10.0.40219.1
Project("{FAE04EC0-301F-11D3-BF4B-00C04F79EFBC}") = "MVCLabb1", "MVCLabb1\MVCLabb1.csproj", "{EACF9040-18CA-43D6-8E75-3D694128C8C2}"
EndProject
Project("{FAE04EC0-301F-11D3-BF4B-00C04F79EFBC}") = "Labb2_Uppgift2", "Labb2_Uppgift2\Labb2_Uppgift2.csproj", "{BC237101-522F-42A0-AF61-8521178A8791}"
EndProject
Project("{FAE04EC0-301F-11D3-BF4B-00C04F79EFBC}") = "LektionsovningCodeFirst", "LektionsovningCodeFirst\LektionsovningCodeFirst.csproj", "{5AF2F731-03C7-43E7-83BD-F7F9762058B5}"
EndProject
Global
	GlobalSection(SolutionConfigurationPlatforms) = preSolution
		Debug|Any CPU = Debug|Any CPU
		Release|Any CPU = Release|Any CPU
	EndGlobalSection
	GlobalSection(ProjectConfigurationPlatforms) = postSolution
		{EACF9040-18CA-43D6-8E75-3D694128C8C2}.Debug|Any CPU.ActiveCfg = Debug|Any CPU
		{EACF9040-18CA-43D6-8E75-3D694128C8C2}.Debug|Any CPU.Build.0 = Debug|Any CPU
		{EACF9040-18CA-43D6-8E75-3D694128C8C2}.Release|Any CPU.ActiveCfg = Release|Any CPU
		{EACF9040-18CA-43D6-8E75-3D694128C8C2}.Release|Any CPU.Build.0 = Release|Any CPU
		{BC237101-522F-42A0-AF61-8521178A8791}.Debug|Any CPU.ActiveCfg = Debug|Any CPU
		{BC237101-522F-42A0-AF61-8521178A8791}.Debug|Any CPU.Build.0 = Debug|Any CPU
		{BC237101-522F-42A0-AF61-8521178A8791}.Release|Any CPU.ActiveCfg = Release|Any CPU
		{BC237101-522F-42A0-AF61-8521178A8791}.Release|Any CPU.Build.0 = Release|Any CPU
		{5AF2F731-03C7-43E7-83BD-F7F9762058B5}.Debug|Any CPU.ActiveCfg = Debug|Any CPU
		{5AF2F731-03C7-43E7-83BD-F7F9762058B5}.Debug|Any CPU.Build.0 = Debug|Any CPU
		{5AF2F731-03C7-43E7-83BD-F7F9762058B5}.Release|Any CPU.ActiveCfg = Release|Any CPU
		{5AF2F731-03C7-43E7-83BD-F7F9762058B5}.Release|Any CPU.Build.0 = Release|Any CPU
	EndGlobalSection
	GlobalSection(SolutionProperties) = preSolution
		HideSolutionNode = FALSE
	EndGlobalSection
EndGlobal
